
Microsoft Visual Studio Solution File, Format Version 12.00
# Visual Studio Version 17
VisualStudioVersion = 17.6.33815.320
MinimumVisualStudioVersion = 10.0.40219.1
Project("{2150E333-8FDC-42A3-9474-1A3956D46DE8}") = "Solution Items", "Solution Items", "{090CAD60-3038-43A2-A956-AE06B8E82C46}"
	ProjectSection(SolutionItems) = preProject
		.dockerignore = .dockerignore
		.editorconfig = .editorconfig
		.gitattributes = .gitattributes
		.gitignore = .gitignore
		CHANGELOG.md = CHANGELOG.md
		LICENSE = LICENSE
		README.md = README.md
	EndProjectSection
EndProject
Project("{9A19103F-16F7-4668-BE54-9A1E7A4F7556}") = "Logitar", "src\Framework\Logitar\Logitar.csproj", "{0DC051FE-4073-4BA6-904E-73552FAAFC5B}"
EndProject
Project("{9A19103F-16F7-4668-BE54-9A1E7A4F7556}") = "Logitar.Data", "src\Framework\Logitar.Data\Logitar.Data.csproj", "{11E1F96B-A3E3-4B84-B830-38E95F105A6A}"
EndProject
Project("{9A19103F-16F7-4668-BE54-9A1E7A4F7556}") = "Logitar.Data.PostgreSQL", "src\Framework\Logitar.Data.PostgreSQL\Logitar.Data.PostgreSQL.csproj", "{7A90B317-99F8-4FDF-9CCA-4ED67CB47297}"
EndProject
Project("{9A19103F-16F7-4668-BE54-9A1E7A4F7556}") = "Logitar.Data.SqlServer", "src\Framework\Logitar.Data.SqlServer\Logitar.Data.SqlServer.csproj", "{BCC84966-455B-40CD-85AD-47029455CD09}"
EndProject
Project("{2150E333-8FDC-42A3-9474-1A3956D46DE8}") = "Framework", "Framework", "{9293074A-4695-4838-8408-7E40ABF90B32}"
EndProject
Project("{2150E333-8FDC-42A3-9474-1A3956D46DE8}") = "Tests", "Tests", "{746BA5D1-0E1A-4191-9645-88D14B1C69BF}"
EndProject
Project("{9A19103F-16F7-4668-BE54-9A1E7A4F7556}") = "Logitar.UnitTests", "src\Framework\tests\Logitar.UnitTests\Logitar.UnitTests.csproj", "{F9A85330-677B-49BA-83E2-9B38D5B78D3F}"
EndProject
Project("{9A19103F-16F7-4668-BE54-9A1E7A4F7556}") = "Logitar.Data.UnitTests", "src\Framework\tests\Logitar.Data.UnitTests\Logitar.Data.UnitTests.csproj", "{ABD91532-28AD-475D-B186-EF5909DE9C9A}"
EndProject
Project("{9A19103F-16F7-4668-BE54-9A1E7A4F7556}") = "Logitar.Data.SqlServer.UnitTests", "src\Framework\tests\Logitar.Data.SqlServer.UnitTests\Logitar.Data.SqlServer.UnitTests.csproj", "{7D6046BA-3A63-4391-B988-70F131D2675D}"
EndProject
Project("{9A19103F-16F7-4668-BE54-9A1E7A4F7556}") = "Logitar.Data.PostgreSQL.UnitTests", "src\Framework\tests\Logitar.Data.PostgreSQL.UnitTests\Logitar.Data.PostgreSQL.UnitTests.csproj", "{2779F539-3D05-4926-A462-D479573F8A1B}"
EndProject
Project("{2150E333-8FDC-42A3-9474-1A3956D46DE8}") = "EventSourcing", "EventSourcing", "{256A2893-962F-4A7E-B58B-DE766D12F9CC}"
EndProject
Project("{2150E333-8FDC-42A3-9474-1A3956D46DE8}") = "Tests", "Tests", "{D092FA68-D3D5-460E-9A38-61033D6F9692}"
EndProject
Project("{9A19103F-16F7-4668-BE54-9A1E7A4F7556}") = "Logitar.EventSourcing", "src\EventSourcing\Logitar.EventSourcing\Logitar.EventSourcing.csproj", "{31173082-04E1-4585-B637-FBB50368121C}"
EndProject
Project("{9A19103F-16F7-4668-BE54-9A1E7A4F7556}") = "Logitar.EventSourcing.EntityFrameworkCore.PostgreSQL", "src\EventSourcing\Logitar.EventSourcing.EntityFrameworkCore.PostgreSQL\Logitar.EventSourcing.EntityFrameworkCore.PostgreSQL.csproj", "{D48F63BE-53F3-41BD-970D-62DE4A0CC5C7}"
EndProject
Project("{9A19103F-16F7-4668-BE54-9A1E7A4F7556}") = "Logitar.EventSourcing.EntityFrameworkCore.Relational", "src\EventSourcing\Logitar.EventSourcing.EntityFrameworkCore.Relational\Logitar.EventSourcing.EntityFrameworkCore.Relational.csproj", "{7B485EFD-863F-4549-B6FE-865F8124587F}"
EndProject
Project("{9A19103F-16F7-4668-BE54-9A1E7A4F7556}") = "Logitar.EventSourcing.EntityFrameworkCore.SqlServer", "src\EventSourcing\Logitar.EventSourcing.EntityFrameworkCore.SqlServer\Logitar.EventSourcing.EntityFrameworkCore.SqlServer.csproj", "{250745D7-7E0B-4511-8232-C9146347A8C7}"
EndProject
Project("{9A19103F-16F7-4668-BE54-9A1E7A4F7556}") = "Logitar.EventSourcing.Infrastructure", "src\EventSourcing\Logitar.EventSourcing.Infrastructure\Logitar.EventSourcing.Infrastructure.csproj", "{EE1FE074-69C5-4A6F-9AB8-177513F2CD7D}"
EndProject
Project("{9A19103F-16F7-4668-BE54-9A1E7A4F7556}") = "Logitar.EventSourcing.InMemory", "src\EventSourcing\Logitar.EventSourcing.InMemory\Logitar.EventSourcing.InMemory.csproj", "{63DD83FA-113F-4801-AD1B-8115944E48C8}"
EndProject
Project("{9A19103F-16F7-4668-BE54-9A1E7A4F7556}") = "Logitar.EventSourcing.PostgreSQL", "src\EventSourcing\Logitar.EventSourcing.PostgreSQL\Logitar.EventSourcing.PostgreSQL.csproj", "{4F990DD7-DBC2-478B-9149-D046288EDAEC}"
EndProject
Project("{9A19103F-16F7-4668-BE54-9A1E7A4F7556}") = "Logitar.EventSourcing.Relational", "src\EventSourcing\Logitar.EventSourcing.Relational\Logitar.EventSourcing.Relational.csproj", "{B831F7D2-E8F0-4202-860B-23DF697F76DA}"
EndProject
Project("{9A19103F-16F7-4668-BE54-9A1E7A4F7556}") = "Logitar.EventSourcing.SqlServer", "src\EventSourcing\Logitar.EventSourcing.SqlServer\Logitar.EventSourcing.SqlServer.csproj", "{590B625B-A2FE-479F-AB81-0887DAD327C3}"
EndProject
Project("{9A19103F-16F7-4668-BE54-9A1E7A4F7556}") = "Logitar.EventSourcing.EFCore.PostgreSQL.IntegrationTests", "src\EventSourcing\tests\Logitar.EventSourcing.EFCore.PostgreSQL.IntegrationTests\Logitar.EventSourcing.EFCore.PostgreSQL.IntegrationTests.csproj", "{F75B6C86-5802-4309-9A1B-0B7E4F6F35B5}"
EndProject
Project("{9A19103F-16F7-4668-BE54-9A1E7A4F7556}") = "Logitar.EventSourcing.EFCore.Relational.IntegrationTests", "src\EventSourcing\tests\Logitar.EventSourcing.EFCore.Relational.IntegrationTests\Logitar.EventSourcing.EFCore.Relational.IntegrationTests.csproj", "{8D4C55C9-A4A8-4A3D-A6C2-895199C63655}"
EndProject
Project("{9A19103F-16F7-4668-BE54-9A1E7A4F7556}") = "Logitar.EventSourcing.EFCore.Relational.UnitTests", "src\EventSourcing\tests\Logitar.EventSourcing.EFCore.Relational.UnitTests\Logitar.EventSourcing.EFCore.Relational.UnitTests.csproj", "{00C1A778-2C79-4179-83C9-1BFC419866A7}"
EndProject
Project("{9A19103F-16F7-4668-BE54-9A1E7A4F7556}") = "Logitar.EventSourcing.EFCore.SqlServer.IntegrationTests", "src\EventSourcing\tests\Logitar.EventSourcing.EFCore.SqlServer.IntegrationTests\Logitar.EventSourcing.EFCore.SqlServer.IntegrationTests.csproj", "{1C8E832F-6AB8-43CB-A7A7-37B2DCA2BE1B}"
EndProject
Project("{9A19103F-16F7-4668-BE54-9A1E7A4F7556}") = "Logitar.EventSourcing.Infrastructure.IntegrationTests", "src\EventSourcing\tests\Logitar.EventSourcing.Infrastructure.IntegrationTests\Logitar.EventSourcing.Infrastructure.IntegrationTests.csproj", "{5097B239-89B5-4A9E-9CBA-B5C9B84000D0}"
EndProject
Project("{9A19103F-16F7-4668-BE54-9A1E7A4F7556}") = "Logitar.EventSourcing.Infrastructure.UnitTests", "src\EventSourcing\tests\Logitar.EventSourcing.Infrastructure.UnitTests\Logitar.EventSourcing.Infrastructure.UnitTests.csproj", "{FA6DFCA4-F7BC-4596-A6F6-8D62A67024B0}"
EndProject
Project("{9A19103F-16F7-4668-BE54-9A1E7A4F7556}") = "Logitar.EventSourcing.PostgreSQL.IntegrationTests", "src\EventSourcing\tests\Logitar.EventSourcing.PostgreSQL.IntegrationTests\Logitar.EventSourcing.PostgreSQL.IntegrationTests.csproj", "{43B6D355-F1CC-44B1-93C3-5DCBEB51A86E}"
EndProject
Project("{9A19103F-16F7-4668-BE54-9A1E7A4F7556}") = "Logitar.EventSourcing.PostgreSQL.UnitTests", "src\EventSourcing\tests\Logitar.EventSourcing.PostgreSQL.UnitTests\Logitar.EventSourcing.PostgreSQL.UnitTests.csproj", "{35F9E929-C8F7-404F-863D-21BFD1350E35}"
EndProject
Project("{9A19103F-16F7-4668-BE54-9A1E7A4F7556}") = "Logitar.EventSourcing.Relational.IntegrationTests", "src\EventSourcing\tests\Logitar.EventSourcing.Relational.IntegrationTests\Logitar.EventSourcing.Relational.IntegrationTests.csproj", "{93DFAEE5-F722-4162-8664-A481A0B03382}"
EndProject
Project("{9A19103F-16F7-4668-BE54-9A1E7A4F7556}") = "Logitar.EventSourcing.SqlServer.IntegrationTests", "src\EventSourcing\tests\Logitar.EventSourcing.SqlServer.IntegrationTests\Logitar.EventSourcing.SqlServer.IntegrationTests.csproj", "{A5D21724-ABAF-4EB1-8C62-F08532A2CEC7}"
EndProject
Project("{9A19103F-16F7-4668-BE54-9A1E7A4F7556}") = "Logitar.EventSourcing.UnitTests", "src\EventSourcing\tests\Logitar.EventSourcing.UnitTests\Logitar.EventSourcing.UnitTests.csproj", "{5FBFB540-E143-4C73-837E-5672E71D18B6}"
EndProject
Project("{9A19103F-16F7-4668-BE54-9A1E7A4F7556}") = "Logitar.EventSourcing.SqlServer.UnitTests", "src\EventSourcing\tests\Logitar.EventSourcing.SqlServer.UnitTests\Logitar.EventSourcing.SqlServer.UnitTests.csproj", "{FD1A7AF8-FEDF-4EA1-9966-C46677584BB2}"
EndProject
Project("{9A19103F-16F7-4668-BE54-9A1E7A4F7556}") = "Logitar.Demo.Ui", "src\Demo\Logitar.Demo.Ui\Logitar.Demo.Ui.csproj", "{74FC91C6-EE18-43E6-9FEF-AA611F242DF1}"
EndProject
Project("{9A19103F-16F7-4668-BE54-9A1E7A4F7556}") = "Logitar.EventSourcing.MongoDB", "src\EventSourcing\Logitar.EventSourcing.MongoDB\Logitar.EventSourcing.MongoDB.csproj", "{A2700671-1C42-432D-95A9-A1A4D0171832}"
EndProject
Project("{9A19103F-16F7-4668-BE54-9A1E7A4F7556}") = "Logitar.EventSourcing.MongoDB.IntegrationTests", "src\EventSourcing\tests\Logitar.EventSourcing.MongoDB.IntegrationTests\Logitar.EventSourcing.MongoDB.IntegrationTests.csproj", "{CEEFD05A-DC09-4756-8473-527539E478F1}"
EndProject
Project("{2150E333-8FDC-42A3-9474-1A3956D46DE8}") = "Demo", "Demo", "{3A2114E4-433C-401E-896F-3D6A8D3FC3DF}"
EndProject
Global
	GlobalSection(SolutionConfigurationPlatforms) = preSolution
		Debug|Any CPU = Debug|Any CPU
		Release|Any CPU = Release|Any CPU
	EndGlobalSection
	GlobalSection(ProjectConfigurationPlatforms) = postSolution
		{0DC051FE-4073-4BA6-904E-73552FAAFC5B}.Debug|Any CPU.ActiveCfg = Debug|Any CPU
		{0DC051FE-4073-4BA6-904E-73552FAAFC5B}.Debug|Any CPU.Build.0 = Debug|Any CPU
		{0DC051FE-4073-4BA6-904E-73552FAAFC5B}.Release|Any CPU.ActiveCfg = Release|Any CPU
		{0DC051FE-4073-4BA6-904E-73552FAAFC5B}.Release|Any CPU.Build.0 = Release|Any CPU
		{11E1F96B-A3E3-4B84-B830-38E95F105A6A}.Debug|Any CPU.ActiveCfg = Debug|Any CPU
		{11E1F96B-A3E3-4B84-B830-38E95F105A6A}.Debug|Any CPU.Build.0 = Debug|Any CPU
		{11E1F96B-A3E3-4B84-B830-38E95F105A6A}.Release|Any CPU.ActiveCfg = Release|Any CPU
		{11E1F96B-A3E3-4B84-B830-38E95F105A6A}.Release|Any CPU.Build.0 = Release|Any CPU
		{7A90B317-99F8-4FDF-9CCA-4ED67CB47297}.Debug|Any CPU.ActiveCfg = Debug|Any CPU
		{7A90B317-99F8-4FDF-9CCA-4ED67CB47297}.Debug|Any CPU.Build.0 = Debug|Any CPU
		{7A90B317-99F8-4FDF-9CCA-4ED67CB47297}.Release|Any CPU.ActiveCfg = Release|Any CPU
		{7A90B317-99F8-4FDF-9CCA-4ED67CB47297}.Release|Any CPU.Build.0 = Release|Any CPU
		{BCC84966-455B-40CD-85AD-47029455CD09}.Debug|Any CPU.ActiveCfg = Debug|Any CPU
		{BCC84966-455B-40CD-85AD-47029455CD09}.Debug|Any CPU.Build.0 = Debug|Any CPU
		{BCC84966-455B-40CD-85AD-47029455CD09}.Release|Any CPU.ActiveCfg = Release|Any CPU
		{BCC84966-455B-40CD-85AD-47029455CD09}.Release|Any CPU.Build.0 = Release|Any CPU
		{F9A85330-677B-49BA-83E2-9B38D5B78D3F}.Debug|Any CPU.ActiveCfg = Debug|Any CPU
		{F9A85330-677B-49BA-83E2-9B38D5B78D3F}.Debug|Any CPU.Build.0 = Debug|Any CPU
		{F9A85330-677B-49BA-83E2-9B38D5B78D3F}.Release|Any CPU.ActiveCfg = Release|Any CPU
		{F9A85330-677B-49BA-83E2-9B38D5B78D3F}.Release|Any CPU.Build.0 = Release|Any CPU
		{ABD91532-28AD-475D-B186-EF5909DE9C9A}.Debug|Any CPU.ActiveCfg = Debug|Any CPU
		{ABD91532-28AD-475D-B186-EF5909DE9C9A}.Debug|Any CPU.Build.0 = Debug|Any CPU
		{ABD91532-28AD-475D-B186-EF5909DE9C9A}.Release|Any CPU.ActiveCfg = Release|Any CPU
		{ABD91532-28AD-475D-B186-EF5909DE9C9A}.Release|Any CPU.Build.0 = Release|Any CPU
		{7D6046BA-3A63-4391-B988-70F131D2675D}.Debug|Any CPU.ActiveCfg = Debug|Any CPU
		{7D6046BA-3A63-4391-B988-70F131D2675D}.Debug|Any CPU.Build.0 = Debug|Any CPU
		{7D6046BA-3A63-4391-B988-70F131D2675D}.Release|Any CPU.ActiveCfg = Release|Any CPU
		{7D6046BA-3A63-4391-B988-70F131D2675D}.Release|Any CPU.Build.0 = Release|Any CPU
		{2779F539-3D05-4926-A462-D479573F8A1B}.Debug|Any CPU.ActiveCfg = Debug|Any CPU
		{2779F539-3D05-4926-A462-D479573F8A1B}.Debug|Any CPU.Build.0 = Debug|Any CPU
		{2779F539-3D05-4926-A462-D479573F8A1B}.Release|Any CPU.ActiveCfg = Release|Any CPU
		{2779F539-3D05-4926-A462-D479573F8A1B}.Release|Any CPU.Build.0 = Release|Any CPU
		{31173082-04E1-4585-B637-FBB50368121C}.Debug|Any CPU.ActiveCfg = Debug|Any CPU
		{31173082-04E1-4585-B637-FBB50368121C}.Debug|Any CPU.Build.0 = Debug|Any CPU
		{31173082-04E1-4585-B637-FBB50368121C}.Release|Any CPU.ActiveCfg = Release|Any CPU
		{31173082-04E1-4585-B637-FBB50368121C}.Release|Any CPU.Build.0 = Release|Any CPU
		{D48F63BE-53F3-41BD-970D-62DE4A0CC5C7}.Debug|Any CPU.ActiveCfg = Debug|Any CPU
		{D48F63BE-53F3-41BD-970D-62DE4A0CC5C7}.Debug|Any CPU.Build.0 = Debug|Any CPU
		{D48F63BE-53F3-41BD-970D-62DE4A0CC5C7}.Release|Any CPU.ActiveCfg = Release|Any CPU
		{D48F63BE-53F3-41BD-970D-62DE4A0CC5C7}.Release|Any CPU.Build.0 = Release|Any CPU
		{7B485EFD-863F-4549-B6FE-865F8124587F}.Debug|Any CPU.ActiveCfg = Debug|Any CPU
		{7B485EFD-863F-4549-B6FE-865F8124587F}.Debug|Any CPU.Build.0 = Debug|Any CPU
		{7B485EFD-863F-4549-B6FE-865F8124587F}.Release|Any CPU.ActiveCfg = Release|Any CPU
		{7B485EFD-863F-4549-B6FE-865F8124587F}.Release|Any CPU.Build.0 = Release|Any CPU
		{250745D7-7E0B-4511-8232-C9146347A8C7}.Debug|Any CPU.ActiveCfg = Debug|Any CPU
		{250745D7-7E0B-4511-8232-C9146347A8C7}.Debug|Any CPU.Build.0 = Debug|Any CPU
		{250745D7-7E0B-4511-8232-C9146347A8C7}.Release|Any CPU.ActiveCfg = Release|Any CPU
		{250745D7-7E0B-4511-8232-C9146347A8C7}.Release|Any CPU.Build.0 = Release|Any CPU
		{EE1FE074-69C5-4A6F-9AB8-177513F2CD7D}.Debug|Any CPU.ActiveCfg = Debug|Any CPU
		{EE1FE074-69C5-4A6F-9AB8-177513F2CD7D}.Debug|Any CPU.Build.0 = Debug|Any CPU
		{EE1FE074-69C5-4A6F-9AB8-177513F2CD7D}.Release|Any CPU.ActiveCfg = Release|Any CPU
		{EE1FE074-69C5-4A6F-9AB8-177513F2CD7D}.Release|Any CPU.Build.0 = Release|Any CPU
		{63DD83FA-113F-4801-AD1B-8115944E48C8}.Debug|Any CPU.ActiveCfg = Debug|Any CPU
		{63DD83FA-113F-4801-AD1B-8115944E48C8}.Debug|Any CPU.Build.0 = Debug|Any CPU
		{63DD83FA-113F-4801-AD1B-8115944E48C8}.Release|Any CPU.ActiveCfg = Release|Any CPU
		{63DD83FA-113F-4801-AD1B-8115944E48C8}.Release|Any CPU.Build.0 = Release|Any CPU
		{4F990DD7-DBC2-478B-9149-D046288EDAEC}.Debug|Any CPU.ActiveCfg = Debug|Any CPU
		{4F990DD7-DBC2-478B-9149-D046288EDAEC}.Debug|Any CPU.Build.0 = Debug|Any CPU
		{4F990DD7-DBC2-478B-9149-D046288EDAEC}.Release|Any CPU.ActiveCfg = Release|Any CPU
		{4F990DD7-DBC2-478B-9149-D046288EDAEC}.Release|Any CPU.Build.0 = Release|Any CPU
		{B831F7D2-E8F0-4202-860B-23DF697F76DA}.Debug|Any CPU.ActiveCfg = Debug|Any CPU
		{B831F7D2-E8F0-4202-860B-23DF697F76DA}.Debug|Any CPU.Build.0 = Debug|Any CPU
		{B831F7D2-E8F0-4202-860B-23DF697F76DA}.Release|Any CPU.ActiveCfg = Release|Any CPU
		{B831F7D2-E8F0-4202-860B-23DF697F76DA}.Release|Any CPU.Build.0 = Release|Any CPU
		{590B625B-A2FE-479F-AB81-0887DAD327C3}.Debug|Any CPU.ActiveCfg = Debug|Any CPU
		{590B625B-A2FE-479F-AB81-0887DAD327C3}.Debug|Any CPU.Build.0 = Debug|Any CPU
		{590B625B-A2FE-479F-AB81-0887DAD327C3}.Release|Any CPU.ActiveCfg = Release|Any CPU
		{590B625B-A2FE-479F-AB81-0887DAD327C3}.Release|Any CPU.Build.0 = Release|Any CPU
		{F75B6C86-5802-4309-9A1B-0B7E4F6F35B5}.Debug|Any CPU.ActiveCfg = Debug|Any CPU
		{F75B6C86-5802-4309-9A1B-0B7E4F6F35B5}.Debug|Any CPU.Build.0 = Debug|Any CPU
		{F75B6C86-5802-4309-9A1B-0B7E4F6F35B5}.Release|Any CPU.ActiveCfg = Release|Any CPU
		{F75B6C86-5802-4309-9A1B-0B7E4F6F35B5}.Release|Any CPU.Build.0 = Release|Any CPU
		{8D4C55C9-A4A8-4A3D-A6C2-895199C63655}.Debug|Any CPU.ActiveCfg = Debug|Any CPU
		{8D4C55C9-A4A8-4A3D-A6C2-895199C63655}.Debug|Any CPU.Build.0 = Debug|Any CPU
		{8D4C55C9-A4A8-4A3D-A6C2-895199C63655}.Release|Any CPU.ActiveCfg = Release|Any CPU
		{8D4C55C9-A4A8-4A3D-A6C2-895199C63655}.Release|Any CPU.Build.0 = Release|Any CPU
		{00C1A778-2C79-4179-83C9-1BFC419866A7}.Debug|Any CPU.ActiveCfg = Debug|Any CPU
		{00C1A778-2C79-4179-83C9-1BFC419866A7}.Debug|Any CPU.Build.0 = Debug|Any CPU
		{00C1A778-2C79-4179-83C9-1BFC419866A7}.Release|Any CPU.ActiveCfg = Release|Any CPU
		{00C1A778-2C79-4179-83C9-1BFC419866A7}.Release|Any CPU.Build.0 = Release|Any CPU
		{1C8E832F-6AB8-43CB-A7A7-37B2DCA2BE1B}.Debug|Any CPU.ActiveCfg = Debug|Any CPU
		{1C8E832F-6AB8-43CB-A7A7-37B2DCA2BE1B}.Debug|Any CPU.Build.0 = Debug|Any CPU
		{1C8E832F-6AB8-43CB-A7A7-37B2DCA2BE1B}.Release|Any CPU.ActiveCfg = Release|Any CPU
		{1C8E832F-6AB8-43CB-A7A7-37B2DCA2BE1B}.Release|Any CPU.Build.0 = Release|Any CPU
		{5097B239-89B5-4A9E-9CBA-B5C9B84000D0}.Debug|Any CPU.ActiveCfg = Debug|Any CPU
		{5097B239-89B5-4A9E-9CBA-B5C9B84000D0}.Debug|Any CPU.Build.0 = Debug|Any CPU
		{5097B239-89B5-4A9E-9CBA-B5C9B84000D0}.Release|Any CPU.ActiveCfg = Release|Any CPU
		{5097B239-89B5-4A9E-9CBA-B5C9B84000D0}.Release|Any CPU.Build.0 = Release|Any CPU
		{FA6DFCA4-F7BC-4596-A6F6-8D62A67024B0}.Debug|Any CPU.ActiveCfg = Debug|Any CPU
		{FA6DFCA4-F7BC-4596-A6F6-8D62A67024B0}.Debug|Any CPU.Build.0 = Debug|Any CPU
		{FA6DFCA4-F7BC-4596-A6F6-8D62A67024B0}.Release|Any CPU.ActiveCfg = Release|Any CPU
		{FA6DFCA4-F7BC-4596-A6F6-8D62A67024B0}.Release|Any CPU.Build.0 = Release|Any CPU
		{43B6D355-F1CC-44B1-93C3-5DCBEB51A86E}.Debug|Any CPU.ActiveCfg = Debug|Any CPU
		{43B6D355-F1CC-44B1-93C3-5DCBEB51A86E}.Debug|Any CPU.Build.0 = Debug|Any CPU
		{43B6D355-F1CC-44B1-93C3-5DCBEB51A86E}.Release|Any CPU.ActiveCfg = Release|Any CPU
		{43B6D355-F1CC-44B1-93C3-5DCBEB51A86E}.Release|Any CPU.Build.0 = Release|Any CPU
		{35F9E929-C8F7-404F-863D-21BFD1350E35}.Debug|Any CPU.ActiveCfg = Debug|Any CPU
		{35F9E929-C8F7-404F-863D-21BFD1350E35}.Debug|Any CPU.Build.0 = Debug|Any CPU
		{35F9E929-C8F7-404F-863D-21BFD1350E35}.Release|Any CPU.ActiveCfg = Release|Any CPU
		{35F9E929-C8F7-404F-863D-21BFD1350E35}.Release|Any CPU.Build.0 = Release|Any CPU
		{93DFAEE5-F722-4162-8664-A481A0B03382}.Debug|Any CPU.ActiveCfg = Debug|Any CPU
		{93DFAEE5-F722-4162-8664-A481A0B03382}.Debug|Any CPU.Build.0 = Debug|Any CPU
		{93DFAEE5-F722-4162-8664-A481A0B03382}.Release|Any CPU.ActiveCfg = Release|Any CPU
		{93DFAEE5-F722-4162-8664-A481A0B03382}.Release|Any CPU.Build.0 = Release|Any CPU
		{A5D21724-ABAF-4EB1-8C62-F08532A2CEC7}.Debug|Any CPU.ActiveCfg = Debug|Any CPU
		{A5D21724-ABAF-4EB1-8C62-F08532A2CEC7}.Debug|Any CPU.Build.0 = Debug|Any CPU
		{A5D21724-ABAF-4EB1-8C62-F08532A2CEC7}.Release|Any CPU.ActiveCfg = Release|Any CPU
		{A5D21724-ABAF-4EB1-8C62-F08532A2CEC7}.Release|Any CPU.Build.0 = Release|Any CPU
		{5FBFB540-E143-4C73-837E-5672E71D18B6}.Debug|Any CPU.ActiveCfg = Debug|Any CPU
		{5FBFB540-E143-4C73-837E-5672E71D18B6}.Debug|Any CPU.Build.0 = Debug|Any CPU
		{5FBFB540-E143-4C73-837E-5672E71D18B6}.Release|Any CPU.ActiveCfg = Release|Any CPU
		{5FBFB540-E143-4C73-837E-5672E71D18B6}.Release|Any CPU.Build.0 = Release|Any CPU
		{FD1A7AF8-FEDF-4EA1-9966-C46677584BB2}.Debug|Any CPU.ActiveCfg = Debug|Any CPU
		{FD1A7AF8-FEDF-4EA1-9966-C46677584BB2}.Debug|Any CPU.Build.0 = Debug|Any CPU
		{FD1A7AF8-FEDF-4EA1-9966-C46677584BB2}.Release|Any CPU.ActiveCfg = Release|Any CPU
		{FD1A7AF8-FEDF-4EA1-9966-C46677584BB2}.Release|Any CPU.Build.0 = Release|Any CPU
		{74FC91C6-EE18-43E6-9FEF-AA611F242DF1}.Debug|Any CPU.ActiveCfg = Debug|Any CPU
		{74FC91C6-EE18-43E6-9FEF-AA611F242DF1}.Debug|Any CPU.Build.0 = Debug|Any CPU
		{74FC91C6-EE18-43E6-9FEF-AA611F242DF1}.Release|Any CPU.ActiveCfg = Release|Any CPU
		{74FC91C6-EE18-43E6-9FEF-AA611F242DF1}.Release|Any CPU.Build.0 = Release|Any CPU
		{A2700671-1C42-432D-95A9-A1A4D0171832}.Debug|Any CPU.ActiveCfg = Debug|Any CPU
		{A2700671-1C42-432D-95A9-A1A4D0171832}.Debug|Any CPU.Build.0 = Debug|Any CPU
		{A2700671-1C42-432D-95A9-A1A4D0171832}.Release|Any CPU.ActiveCfg = Release|Any CPU
		{A2700671-1C42-432D-95A9-A1A4D0171832}.Release|Any CPU.Build.0 = Release|Any CPU
		{CEEFD05A-DC09-4756-8473-527539E478F1}.Debug|Any CPU.ActiveCfg = Debug|Any CPU
		{CEEFD05A-DC09-4756-8473-527539E478F1}.Debug|Any CPU.Build.0 = Debug|Any CPU
		{CEEFD05A-DC09-4756-8473-527539E478F1}.Release|Any CPU.ActiveCfg = Release|Any CPU
		{CEEFD05A-DC09-4756-8473-527539E478F1}.Release|Any CPU.Build.0 = Release|Any CPU
	EndGlobalSection
	GlobalSection(SolutionProperties) = preSolution
		HideSolutionNode = FALSE
	EndGlobalSection
	GlobalSection(NestedProjects) = preSolution
		{0DC051FE-4073-4BA6-904E-73552FAAFC5B} = {9293074A-4695-4838-8408-7E40ABF90B32}
		{11E1F96B-A3E3-4B84-B830-38E95F105A6A} = {9293074A-4695-4838-8408-7E40ABF90B32}
		{7A90B317-99F8-4FDF-9CCA-4ED67CB47297} = {9293074A-4695-4838-8408-7E40ABF90B32}
		{BCC84966-455B-40CD-85AD-47029455CD09} = {9293074A-4695-4838-8408-7E40ABF90B32}
		{746BA5D1-0E1A-4191-9645-88D14B1C69BF} = {9293074A-4695-4838-8408-7E40ABF90B32}
		{F9A85330-677B-49BA-83E2-9B38D5B78D3F} = {746BA5D1-0E1A-4191-9645-88D14B1C69BF}
		{ABD91532-28AD-475D-B186-EF5909DE9C9A} = {746BA5D1-0E1A-4191-9645-88D14B1C69BF}
		{7D6046BA-3A63-4391-B988-70F131D2675D} = {746BA5D1-0E1A-4191-9645-88D14B1C69BF}
		{2779F539-3D05-4926-A462-D479573F8A1B} = {746BA5D1-0E1A-4191-9645-88D14B1C69BF}
		{D092FA68-D3D5-460E-9A38-61033D6F9692} = {256A2893-962F-4A7E-B58B-DE766D12F9CC}
		{31173082-04E1-4585-B637-FBB50368121C} = {256A2893-962F-4A7E-B58B-DE766D12F9CC}
		{D48F63BE-53F3-41BD-970D-62DE4A0CC5C7} = {256A2893-962F-4A7E-B58B-DE766D12F9CC}
		{7B485EFD-863F-4549-B6FE-865F8124587F} = {256A2893-962F-4A7E-B58B-DE766D12F9CC}
		{250745D7-7E0B-4511-8232-C9146347A8C7} = {256A2893-962F-4A7E-B58B-DE766D12F9CC}
		{EE1FE074-69C5-4A6F-9AB8-177513F2CD7D} = {256A2893-962F-4A7E-B58B-DE766D12F9CC}
		{63DD83FA-113F-4801-AD1B-8115944E48C8} = {256A2893-962F-4A7E-B58B-DE766D12F9CC}
		{4F990DD7-DBC2-478B-9149-D046288EDAEC} = {256A2893-962F-4A7E-B58B-DE766D12F9CC}
		{B831F7D2-E8F0-4202-860B-23DF697F76DA} = {256A2893-962F-4A7E-B58B-DE766D12F9CC}
		{590B625B-A2FE-479F-AB81-0887DAD327C3} = {256A2893-962F-4A7E-B58B-DE766D12F9CC}
		{F75B6C86-5802-4309-9A1B-0B7E4F6F35B5} = {D092FA68-D3D5-460E-9A38-61033D6F9692}
		{8D4C55C9-A4A8-4A3D-A6C2-895199C63655} = {D092FA68-D3D5-460E-9A38-61033D6F9692}
		{00C1A778-2C79-4179-83C9-1BFC419866A7} = {D092FA68-D3D5-460E-9A38-61033D6F9692}
		{1C8E832F-6AB8-43CB-A7A7-37B2DCA2BE1B} = {D092FA68-D3D5-460E-9A38-61033D6F9692}
		{5097B239-89B5-4A9E-9CBA-B5C9B84000D0} = {D092FA68-D3D5-460E-9A38-61033D6F9692}
		{FA6DFCA4-F7BC-4596-A6F6-8D62A67024B0} = {D092FA68-D3D5-460E-9A38-61033D6F9692}
		{43B6D355-F1CC-44B1-93C3-5DCBEB51A86E} = {D092FA68-D3D5-460E-9A38-61033D6F9692}
		{35F9E929-C8F7-404F-863D-21BFD1350E35} = {D092FA68-D3D5-460E-9A38-61033D6F9692}
		{93DFAEE5-F722-4162-8664-A481A0B03382} = {D092FA68-D3D5-460E-9A38-61033D6F9692}
		{A5D21724-ABAF-4EB1-8C62-F08532A2CEC7} = {D092FA68-D3D5-460E-9A38-61033D6F9692}
		{5FBFB540-E143-4C73-837E-5672E71D18B6} = {D092FA68-D3D5-460E-9A38-61033D6F9692}
		{FD1A7AF8-FEDF-4EA1-9966-C46677584BB2} = {D092FA68-D3D5-460E-9A38-61033D6F9692}
		{74FC91C6-EE18-43E6-9FEF-AA611F242DF1} = {3A2114E4-433C-401E-896F-3D6A8D3FC3DF}
		{A2700671-1C42-432D-95A9-A1A4D0171832} = {256A2893-962F-4A7E-B58B-DE766D12F9CC}
		{CEEFD05A-DC09-4756-8473-527539E478F1} = {D092FA68-D3D5-460E-9A38-61033D6F9692}
	EndGlobalSection
	GlobalSection(ExtensibilityGlobals) = postSolution
		SolutionGuid = {B0AA9E53-02AD-4000-8ED5-53AFF5D1B32D}
	EndGlobalSection
EndGlobal
