
Microsoft Visual Studio Solution File, Format Version 12.00
# Visual Studio Version 17
VisualStudioVersion = 17.6.33815.320
MinimumVisualStudioVersion = 10.0.40219.1
Project("{2150E333-8FDC-42A3-9474-1A3956D46DE8}") = "Solution Items", "Solution Items", "{090CAD60-3038-43A2-A956-AE06B8E82C46}"
	ProjectSection(SolutionItems) = preProject
		.dockerignore = .dockerignore
		.editorconfig = .editorconfig
		.gitattributes = .gitattributes
		.gitignore = .gitignore
		CHANGELOG.md = CHANGELOG.md
		LICENSE = LICENSE
		README.md = README.md
	EndProjectSection
EndProject
Project("{9A19103F-16F7-4668-BE54-9A1E7A4F7556}") = "Logitar", "src\Logitar\Logitar.csproj", "{3358F8D0-E18F-46F2-A677-5F3CC980E227}"
EndProject
Project("{2150E333-8FDC-42A3-9474-1A3956D46DE8}") = "Tests", "Tests", "{EA009B2F-F574-4312-BBA0-912BEF093B95}"
EndProject
Project("{9A19103F-16F7-4668-BE54-9A1E7A4F7556}") = "Logitar.UnitTests", "tests\Logitar.UnitTests\Logitar.UnitTests.csproj", "{3F2323E5-20A0-437A-B54A-E5F8778B76E1}"
EndProject
Project("{9A19103F-16F7-4668-BE54-9A1E7A4F7556}") = "Logitar.EventSourcing", "src\Logitar.EventSourcing\Logitar.EventSourcing.csproj", "{C12A40A4-BEF0-4D0F-8091-395E4CC3058F}"
EndProject
Project("{9A19103F-16F7-4668-BE54-9A1E7A4F7556}") = "Logitar.EventSourcing.UnitTests", "tests\Logitar.EventSourcing.UnitTests\Logitar.EventSourcing.UnitTests.csproj", "{89C79DBD-BEA2-46EA-B163-1F3E5FB26105}"
EndProject
Project("{9A19103F-16F7-4668-BE54-9A1E7A4F7556}") = "Logitar.EventSourcing.EntityFrameworkCore.SqlServer", "src\Logitar.EventSourcing.EntityFrameworkCore.SqlServer\Logitar.EventSourcing.EntityFrameworkCore.SqlServer.csproj", "{2E4C6064-2195-41CE-A1B4-92C9139D13D2}"
EndProject
Project("{9A19103F-16F7-4668-BE54-9A1E7A4F7556}") = "Logitar.EventSourcing.EntityFrameworkCore.PostgreSQL", "src\Logitar.EventSourcing.EntityFrameworkCore.PostgreSQL\Logitar.EventSourcing.EntityFrameworkCore.PostgreSQL.csproj", "{7E000EC7-BCD5-417C-87EA-8DAC90E0B46F}"
EndProject
Project("{9A19103F-16F7-4668-BE54-9A1E7A4F7556}") = "Logitar.EventSourcing.PostgreSQL", "src\Logitar.EventSourcing.PostgreSQL\Logitar.EventSourcing.PostgreSQL.csproj", "{BA8402C3-FF02-4B90-9E06-413E753C0667}"
EndProject
Project("{9A19103F-16F7-4668-BE54-9A1E7A4F7556}") = "Logitar.EventSourcing.SqlServer", "src\Logitar.EventSourcing.SqlServer\Logitar.EventSourcing.SqlServer.csproj", "{DDADA3F9-8917-4F80-B5EC-98B03A760F26}"
EndProject
Project("{2150E333-8FDC-42A3-9474-1A3956D46DE8}") = "EventSourcing", "EventSourcing", "{87F552C3-F6FC-4201-BC9E-3118CE217898}"
EndProject
Project("{9A19103F-16F7-4668-BE54-9A1E7A4F7556}") = "Logitar.EventSourcing.InMemory", "src\Logitar.EventSourcing.InMemory\Logitar.EventSourcing.InMemory.csproj", "{F34E3684-59C3-4E5A-A1B9-4726BCBFA2BD}"
EndProject
Project("{9A19103F-16F7-4668-BE54-9A1E7A4F7556}") = "Logitar.Data", "src\Logitar.Data\Logitar.Data.csproj", "{D8035DFB-30E4-4C1F-8D8A-9E55D59F7FE3}"
EndProject
Project("{9A19103F-16F7-4668-BE54-9A1E7A4F7556}") = "Logitar.Data.SqlServer", "src\Logitar.Data.SqlServer\Logitar.Data.SqlServer.csproj", "{8D478C7D-B186-4700-8E9C-8E510B06695E}"
EndProject
Project("{9A19103F-16F7-4668-BE54-9A1E7A4F7556}") = "Logitar.EventSourcing.EntityFrameworkCore.Relational", "src\Logitar.EventSourcing.EntityFrameworkCore.Relational\Logitar.EventSourcing.EntityFrameworkCore.Relational.csproj", "{976DCA25-1E72-42E7-9F13-998631F8B0E2}"
EndProject
Project("{9A19103F-16F7-4668-BE54-9A1E7A4F7556}") = "Logitar.Data.UnitTests", "tests\Logitar.Data.UnitTests\Logitar.Data.UnitTests.csproj", "{1F28D7F0-29DE-4E0A-A387-6AC3C6F3D3B1}"
EndProject
Project("{9A19103F-16F7-4668-BE54-9A1E7A4F7556}") = "Logitar.Data.SqlServer.UnitTests", "tests\Logitar.Data.SqlServer.UnitTests\Logitar.Data.SqlServer.UnitTests.csproj", "{434DF049-A9B4-4C9A-A64E-A1EA1694522D}"
EndProject
Project("{9A19103F-16F7-4668-BE54-9A1E7A4F7556}") = "Logitar.Data.PostgreSQL", "src\Logitar.Data.PostgreSQL\Logitar.Data.PostgreSQL.csproj", "{E05699DC-D24E-480E-A83B-BB4AD1C1FD4A}"
EndProject
Project("{9A19103F-16F7-4668-BE54-9A1E7A4F7556}") = "Logitar.Data.PostgreSQL.UnitTests", "tests\Logitar.Data.PostgreSQL.UnitTests\Logitar.Data.PostgreSQL.UnitTests.csproj", "{1BC5A4B1-06DE-45CF-8D74-0BB79EA03B4F}"
EndProject
Project("{9A19103F-16F7-4668-BE54-9A1E7A4F7556}") = "Logitar.EventSourcing.Infrastructure", "src\Logitar.EventSourcing.Infrastructure\Logitar.EventSourcing.Infrastructure.csproj", "{0EF61FA4-0A79-46B8-B3A0-628EE1E80922}"
EndProject
Project("{9A19103F-16F7-4668-BE54-9A1E7A4F7556}") = "Logitar.EventSourcing.Relational", "src\Logitar.EventSourcing.Relational\Logitar.EventSourcing.Relational.csproj", "{019D7112-CD41-4B02-ABA3-5FDE65A21384}"
EndProject
Project("{9A19103F-16F7-4668-BE54-9A1E7A4F7556}") = "Logitar.EventSourcing.Infrastructure.UnitTests", "tests\Logitar.EventSourcing.Infrastructure.UnitTests\Logitar.EventSourcing.Infrastructure.UnitTests.csproj", "{CBB36442-F8A9-4228-A164-C7C7740FF4EC}"
EndProject
Project("{9A19103F-16F7-4668-BE54-9A1E7A4F7556}") = "Logitar.EventSourcing.PostgreSQL.UnitTests", "tests\Logitar.EventSourcing.PostgreSQL.UnitTests\Logitar.EventSourcing.PostgreSQL.UnitTests.csproj", "{B961AD6C-2F60-438C-AEE6-BEA0DDCEC9ED}"
EndProject
Project("{9A19103F-16F7-4668-BE54-9A1E7A4F7556}") = "Logitar.EventSourcing.SqlServer.UnitTests", "tests\Logitar.EventSourcing.SqlServer.UnitTests\Logitar.EventSourcing.SqlServer.UnitTests.csproj", "{FDE97B22-D5DA-4F8D-B7D2-1D23947E9905}"
EndProject
Project("{9A19103F-16F7-4668-BE54-9A1E7A4F7556}") = "Logitar.EventSourcing.EntityFrameworkCore.Relational.UnitTests", "tests\Logitar.EventSourcing.EntityFrameworkCore.Relational.UnitTests\Logitar.EventSourcing.EntityFrameworkCore.Relational.UnitTests.csproj", "{E36674AA-06C2-429A-A3CC-F411FA87326B}"
EndProject
Project("{2150E333-8FDC-42A3-9474-1A3956D46DE8}") = "Demo", "Demo", "{7A6BD790-26C3-4A7C-8D3A-2412A6A5D58A}"
EndProject
Project("{9A19103F-16F7-4668-BE54-9A1E7A4F7556}") = "Logitar.Demo.Ui", "src\Logitar.Demo.Ui\Logitar.Demo.Ui.csproj", "{2E822683-BDA5-4256-8D2A-4355D0DCA93F}"
EndProject
Project("{9A19103F-16F7-4668-BE54-9A1E7A4F7556}") = "Logitar.EventSourcing.EntityFrameworkCore.SqlServer.IntegrationTests", "tests\Logitar.EventSourcing.EntityFrameworkCore.SqlServer.IntegrationTests\Logitar.EventSourcing.EntityFrameworkCore.SqlServer.IntegrationTests.csproj", "{C45C4D2A-C906-49BB-ADED-328818DA5FCB}"
EndProject
Project("{9A19103F-16F7-4668-BE54-9A1E7A4F7556}") = "Logitar.EventSourcing.EntityFrameworkCore.Relational.IntegrationTests", "tests\Logitar.EventSourcing.EntityFrameworkCore.Relational.IntegrationTests\Logitar.EventSourcing.EntityFrameworkCore.Relational.IntegrationTests.csproj", "{636CFDF2-4012-44EA-A48F-C44C78C0CD4F}"
EndProject
Project("{9A19103F-16F7-4668-BE54-9A1E7A4F7556}") = "Logitar.EventSourcing.EntityFrameworkCore.PostgreSQL.IntegrationTests", "tests\Logitar.EventSourcing.EntityFrameworkCore.PostgreSQL.IntegrationTests\Logitar.EventSourcing.EntityFrameworkCore.PostgreSQL.IntegrationTests.csproj", "{DAD16295-FB03-46DE-9978-B206E4EA8A48}"
EndProject
Project("{9A19103F-16F7-4668-BE54-9A1E7A4F7556}") = "Logitar.EventSourcing.Infrastructure.IntegrationTests", "tests\Logitar.EventSourcing.Infrastructure.IntegrationTests\Logitar.EventSourcing.Infrastructure.IntegrationTests.csproj", "{788EDDF7-49CC-40BD-ADCC-288532B56A3C}"
EndProject
Project("{9A19103F-16F7-4668-BE54-9A1E7A4F7556}") = "Logitar.EventSourcing.Relational.IntegrationTests", "tests\Logitar.EventSourcing.Relational.IntegrationTests\Logitar.EventSourcing.Relational.IntegrationTests.csproj", "{DDCABFFA-A3ED-40A1-AE7E-C68216DE17AC}"
EndProject
Project("{9A19103F-16F7-4668-BE54-9A1E7A4F7556}") = "Logitar.EventSourcing.PostgreSQL.IntegrationTests", "tests\Logitar.EventSourcing.PostgreSQL.IntegrationTests\Logitar.EventSourcing.PostgreSQL.IntegrationTests.csproj", "{C1926286-79B2-4204-867F-3DD68D5ED23A}"
EndProject
Project("{9A19103F-16F7-4668-BE54-9A1E7A4F7556}") = "Logitar.EventSourcing.SqlServer.IntegrationTests", "tests\Logitar.EventSourcing.SqlServer.IntegrationTests\Logitar.EventSourcing.SqlServer.IntegrationTests.csproj", "{BC73CD5D-5ACA-453C-B5D2-24EF18A28031}"
EndProject
Project("{2150E333-8FDC-42A3-9474-1A3956D46DE8}") = "Identity", "Identity", "{4BA0119F-A553-43D6-B203-EAF925E858FB}"
EndProject
Project("{FAE04EC0-301F-11D3-BF4B-00C04F79EFBC}") = "Logitar.Identity.Core", "src\Logitar.Identity.Core\Logitar.Identity.Core.csproj", "{2576E49E-3964-4039-9517-8BFEEA1C6980}"
EndProject
Project("{FAE04EC0-301F-11D3-BF4B-00C04F79EFBC}") = "Logitar.Identity.Core.UnitTests", "tests\Logitar.Identity.Core.UnitTests\Logitar.Identity.Core.UnitTests.csproj", "{C00718CC-E424-440E-8485-A1F5F2DAFC6D}"
EndProject
Global
	GlobalSection(SolutionConfigurationPlatforms) = preSolution
		Debug|Any CPU = Debug|Any CPU
		Release|Any CPU = Release|Any CPU
	EndGlobalSection
	GlobalSection(ProjectConfigurationPlatforms) = postSolution
		{3358F8D0-E18F-46F2-A677-5F3CC980E227}.Debug|Any CPU.ActiveCfg = Debug|Any CPU
		{3358F8D0-E18F-46F2-A677-5F3CC980E227}.Debug|Any CPU.Build.0 = Debug|Any CPU
		{3358F8D0-E18F-46F2-A677-5F3CC980E227}.Release|Any CPU.ActiveCfg = Release|Any CPU
		{3358F8D0-E18F-46F2-A677-5F3CC980E227}.Release|Any CPU.Build.0 = Release|Any CPU
		{3F2323E5-20A0-437A-B54A-E5F8778B76E1}.Debug|Any CPU.ActiveCfg = Debug|Any CPU
		{3F2323E5-20A0-437A-B54A-E5F8778B76E1}.Debug|Any CPU.Build.0 = Debug|Any CPU
		{3F2323E5-20A0-437A-B54A-E5F8778B76E1}.Release|Any CPU.ActiveCfg = Release|Any CPU
		{3F2323E5-20A0-437A-B54A-E5F8778B76E1}.Release|Any CPU.Build.0 = Release|Any CPU
		{C12A40A4-BEF0-4D0F-8091-395E4CC3058F}.Debug|Any CPU.ActiveCfg = Debug|Any CPU
		{C12A40A4-BEF0-4D0F-8091-395E4CC3058F}.Debug|Any CPU.Build.0 = Debug|Any CPU
		{C12A40A4-BEF0-4D0F-8091-395E4CC3058F}.Release|Any CPU.ActiveCfg = Release|Any CPU
		{C12A40A4-BEF0-4D0F-8091-395E4CC3058F}.Release|Any CPU.Build.0 = Release|Any CPU
		{89C79DBD-BEA2-46EA-B163-1F3E5FB26105}.Debug|Any CPU.ActiveCfg = Debug|Any CPU
		{89C79DBD-BEA2-46EA-B163-1F3E5FB26105}.Debug|Any CPU.Build.0 = Debug|Any CPU
		{89C79DBD-BEA2-46EA-B163-1F3E5FB26105}.Release|Any CPU.ActiveCfg = Release|Any CPU
		{89C79DBD-BEA2-46EA-B163-1F3E5FB26105}.Release|Any CPU.Build.0 = Release|Any CPU
		{2E4C6064-2195-41CE-A1B4-92C9139D13D2}.Debug|Any CPU.ActiveCfg = Debug|Any CPU
		{2E4C6064-2195-41CE-A1B4-92C9139D13D2}.Debug|Any CPU.Build.0 = Debug|Any CPU
		{2E4C6064-2195-41CE-A1B4-92C9139D13D2}.Release|Any CPU.ActiveCfg = Release|Any CPU
		{2E4C6064-2195-41CE-A1B4-92C9139D13D2}.Release|Any CPU.Build.0 = Release|Any CPU
		{7E000EC7-BCD5-417C-87EA-8DAC90E0B46F}.Debug|Any CPU.ActiveCfg = Debug|Any CPU
		{7E000EC7-BCD5-417C-87EA-8DAC90E0B46F}.Debug|Any CPU.Build.0 = Debug|Any CPU
		{7E000EC7-BCD5-417C-87EA-8DAC90E0B46F}.Release|Any CPU.ActiveCfg = Release|Any CPU
		{7E000EC7-BCD5-417C-87EA-8DAC90E0B46F}.Release|Any CPU.Build.0 = Release|Any CPU
		{BA8402C3-FF02-4B90-9E06-413E753C0667}.Debug|Any CPU.ActiveCfg = Debug|Any CPU
		{BA8402C3-FF02-4B90-9E06-413E753C0667}.Debug|Any CPU.Build.0 = Debug|Any CPU
		{BA8402C3-FF02-4B90-9E06-413E753C0667}.Release|Any CPU.ActiveCfg = Release|Any CPU
		{BA8402C3-FF02-4B90-9E06-413E753C0667}.Release|Any CPU.Build.0 = Release|Any CPU
		{DDADA3F9-8917-4F80-B5EC-98B03A760F26}.Debug|Any CPU.ActiveCfg = Debug|Any CPU
		{DDADA3F9-8917-4F80-B5EC-98B03A760F26}.Debug|Any CPU.Build.0 = Debug|Any CPU
		{DDADA3F9-8917-4F80-B5EC-98B03A760F26}.Release|Any CPU.ActiveCfg = Release|Any CPU
		{DDADA3F9-8917-4F80-B5EC-98B03A760F26}.Release|Any CPU.Build.0 = Release|Any CPU
		{F34E3684-59C3-4E5A-A1B9-4726BCBFA2BD}.Debug|Any CPU.ActiveCfg = Debug|Any CPU
		{F34E3684-59C3-4E5A-A1B9-4726BCBFA2BD}.Debug|Any CPU.Build.0 = Debug|Any CPU
		{F34E3684-59C3-4E5A-A1B9-4726BCBFA2BD}.Release|Any CPU.ActiveCfg = Release|Any CPU
		{F34E3684-59C3-4E5A-A1B9-4726BCBFA2BD}.Release|Any CPU.Build.0 = Release|Any CPU
		{D8035DFB-30E4-4C1F-8D8A-9E55D59F7FE3}.Debug|Any CPU.ActiveCfg = Debug|Any CPU
		{D8035DFB-30E4-4C1F-8D8A-9E55D59F7FE3}.Debug|Any CPU.Build.0 = Debug|Any CPU
		{D8035DFB-30E4-4C1F-8D8A-9E55D59F7FE3}.Release|Any CPU.ActiveCfg = Release|Any CPU
		{D8035DFB-30E4-4C1F-8D8A-9E55D59F7FE3}.Release|Any CPU.Build.0 = Release|Any CPU
		{8D478C7D-B186-4700-8E9C-8E510B06695E}.Debug|Any CPU.ActiveCfg = Debug|Any CPU
		{8D478C7D-B186-4700-8E9C-8E510B06695E}.Debug|Any CPU.Build.0 = Debug|Any CPU
		{8D478C7D-B186-4700-8E9C-8E510B06695E}.Release|Any CPU.ActiveCfg = Release|Any CPU
		{8D478C7D-B186-4700-8E9C-8E510B06695E}.Release|Any CPU.Build.0 = Release|Any CPU
		{976DCA25-1E72-42E7-9F13-998631F8B0E2}.Debug|Any CPU.ActiveCfg = Debug|Any CPU
		{976DCA25-1E72-42E7-9F13-998631F8B0E2}.Debug|Any CPU.Build.0 = Debug|Any CPU
		{976DCA25-1E72-42E7-9F13-998631F8B0E2}.Release|Any CPU.ActiveCfg = Release|Any CPU
		{976DCA25-1E72-42E7-9F13-998631F8B0E2}.Release|Any CPU.Build.0 = Release|Any CPU
		{1F28D7F0-29DE-4E0A-A387-6AC3C6F3D3B1}.Debug|Any CPU.ActiveCfg = Debug|Any CPU
		{1F28D7F0-29DE-4E0A-A387-6AC3C6F3D3B1}.Debug|Any CPU.Build.0 = Debug|Any CPU
		{1F28D7F0-29DE-4E0A-A387-6AC3C6F3D3B1}.Release|Any CPU.ActiveCfg = Release|Any CPU
		{1F28D7F0-29DE-4E0A-A387-6AC3C6F3D3B1}.Release|Any CPU.Build.0 = Release|Any CPU
		{434DF049-A9B4-4C9A-A64E-A1EA1694522D}.Debug|Any CPU.ActiveCfg = Debug|Any CPU
		{434DF049-A9B4-4C9A-A64E-A1EA1694522D}.Debug|Any CPU.Build.0 = Debug|Any CPU
		{434DF049-A9B4-4C9A-A64E-A1EA1694522D}.Release|Any CPU.ActiveCfg = Release|Any CPU
		{434DF049-A9B4-4C9A-A64E-A1EA1694522D}.Release|Any CPU.Build.0 = Release|Any CPU
		{E05699DC-D24E-480E-A83B-BB4AD1C1FD4A}.Debug|Any CPU.ActiveCfg = Debug|Any CPU
		{E05699DC-D24E-480E-A83B-BB4AD1C1FD4A}.Debug|Any CPU.Build.0 = Debug|Any CPU
		{E05699DC-D24E-480E-A83B-BB4AD1C1FD4A}.Release|Any CPU.ActiveCfg = Release|Any CPU
		{E05699DC-D24E-480E-A83B-BB4AD1C1FD4A}.Release|Any CPU.Build.0 = Release|Any CPU
		{1BC5A4B1-06DE-45CF-8D74-0BB79EA03B4F}.Debug|Any CPU.ActiveCfg = Debug|Any CPU
		{1BC5A4B1-06DE-45CF-8D74-0BB79EA03B4F}.Debug|Any CPU.Build.0 = Debug|Any CPU
		{1BC5A4B1-06DE-45CF-8D74-0BB79EA03B4F}.Release|Any CPU.ActiveCfg = Release|Any CPU
		{1BC5A4B1-06DE-45CF-8D74-0BB79EA03B4F}.Release|Any CPU.Build.0 = Release|Any CPU
		{0EF61FA4-0A79-46B8-B3A0-628EE1E80922}.Debug|Any CPU.ActiveCfg = Debug|Any CPU
		{0EF61FA4-0A79-46B8-B3A0-628EE1E80922}.Debug|Any CPU.Build.0 = Debug|Any CPU
		{0EF61FA4-0A79-46B8-B3A0-628EE1E80922}.Release|Any CPU.ActiveCfg = Release|Any CPU
		{0EF61FA4-0A79-46B8-B3A0-628EE1E80922}.Release|Any CPU.Build.0 = Release|Any CPU
		{019D7112-CD41-4B02-ABA3-5FDE65A21384}.Debug|Any CPU.ActiveCfg = Debug|Any CPU
		{019D7112-CD41-4B02-ABA3-5FDE65A21384}.Debug|Any CPU.Build.0 = Debug|Any CPU
		{019D7112-CD41-4B02-ABA3-5FDE65A21384}.Release|Any CPU.ActiveCfg = Release|Any CPU
		{019D7112-CD41-4B02-ABA3-5FDE65A21384}.Release|Any CPU.Build.0 = Release|Any CPU
		{CBB36442-F8A9-4228-A164-C7C7740FF4EC}.Debug|Any CPU.ActiveCfg = Debug|Any CPU
		{CBB36442-F8A9-4228-A164-C7C7740FF4EC}.Debug|Any CPU.Build.0 = Debug|Any CPU
		{CBB36442-F8A9-4228-A164-C7C7740FF4EC}.Release|Any CPU.ActiveCfg = Release|Any CPU
		{CBB36442-F8A9-4228-A164-C7C7740FF4EC}.Release|Any CPU.Build.0 = Release|Any CPU
		{B961AD6C-2F60-438C-AEE6-BEA0DDCEC9ED}.Debug|Any CPU.ActiveCfg = Debug|Any CPU
		{B961AD6C-2F60-438C-AEE6-BEA0DDCEC9ED}.Debug|Any CPU.Build.0 = Debug|Any CPU
		{B961AD6C-2F60-438C-AEE6-BEA0DDCEC9ED}.Release|Any CPU.ActiveCfg = Release|Any CPU
		{B961AD6C-2F60-438C-AEE6-BEA0DDCEC9ED}.Release|Any CPU.Build.0 = Release|Any CPU
		{FDE97B22-D5DA-4F8D-B7D2-1D23947E9905}.Debug|Any CPU.ActiveCfg = Debug|Any CPU
		{FDE97B22-D5DA-4F8D-B7D2-1D23947E9905}.Debug|Any CPU.Build.0 = Debug|Any CPU
		{FDE97B22-D5DA-4F8D-B7D2-1D23947E9905}.Release|Any CPU.ActiveCfg = Release|Any CPU
		{FDE97B22-D5DA-4F8D-B7D2-1D23947E9905}.Release|Any CPU.Build.0 = Release|Any CPU
		{E36674AA-06C2-429A-A3CC-F411FA87326B}.Debug|Any CPU.ActiveCfg = Debug|Any CPU
		{E36674AA-06C2-429A-A3CC-F411FA87326B}.Debug|Any CPU.Build.0 = Debug|Any CPU
		{E36674AA-06C2-429A-A3CC-F411FA87326B}.Release|Any CPU.ActiveCfg = Release|Any CPU
		{E36674AA-06C2-429A-A3CC-F411FA87326B}.Release|Any CPU.Build.0 = Release|Any CPU
		{2E822683-BDA5-4256-8D2A-4355D0DCA93F}.Debug|Any CPU.ActiveCfg = Debug|Any CPU
		{2E822683-BDA5-4256-8D2A-4355D0DCA93F}.Debug|Any CPU.Build.0 = Debug|Any CPU
		{2E822683-BDA5-4256-8D2A-4355D0DCA93F}.Release|Any CPU.ActiveCfg = Release|Any CPU
		{2E822683-BDA5-4256-8D2A-4355D0DCA93F}.Release|Any CPU.Build.0 = Release|Any CPU
		{C45C4D2A-C906-49BB-ADED-328818DA5FCB}.Debug|Any CPU.ActiveCfg = Debug|Any CPU
		{C45C4D2A-C906-49BB-ADED-328818DA5FCB}.Debug|Any CPU.Build.0 = Debug|Any CPU
		{C45C4D2A-C906-49BB-ADED-328818DA5FCB}.Release|Any CPU.ActiveCfg = Release|Any CPU
		{C45C4D2A-C906-49BB-ADED-328818DA5FCB}.Release|Any CPU.Build.0 = Release|Any CPU
		{636CFDF2-4012-44EA-A48F-C44C78C0CD4F}.Debug|Any CPU.ActiveCfg = Debug|Any CPU
		{636CFDF2-4012-44EA-A48F-C44C78C0CD4F}.Debug|Any CPU.Build.0 = Debug|Any CPU
		{636CFDF2-4012-44EA-A48F-C44C78C0CD4F}.Release|Any CPU.ActiveCfg = Release|Any CPU
		{636CFDF2-4012-44EA-A48F-C44C78C0CD4F}.Release|Any CPU.Build.0 = Release|Any CPU
		{DAD16295-FB03-46DE-9978-B206E4EA8A48}.Debug|Any CPU.ActiveCfg = Debug|Any CPU
		{DAD16295-FB03-46DE-9978-B206E4EA8A48}.Debug|Any CPU.Build.0 = Debug|Any CPU
		{DAD16295-FB03-46DE-9978-B206E4EA8A48}.Release|Any CPU.ActiveCfg = Release|Any CPU
		{DAD16295-FB03-46DE-9978-B206E4EA8A48}.Release|Any CPU.Build.0 = Release|Any CPU
		{788EDDF7-49CC-40BD-ADCC-288532B56A3C}.Debug|Any CPU.ActiveCfg = Debug|Any CPU
		{788EDDF7-49CC-40BD-ADCC-288532B56A3C}.Debug|Any CPU.Build.0 = Debug|Any CPU
		{788EDDF7-49CC-40BD-ADCC-288532B56A3C}.Release|Any CPU.ActiveCfg = Release|Any CPU
		{788EDDF7-49CC-40BD-ADCC-288532B56A3C}.Release|Any CPU.Build.0 = Release|Any CPU
		{DDCABFFA-A3ED-40A1-AE7E-C68216DE17AC}.Debug|Any CPU.ActiveCfg = Debug|Any CPU
		{DDCABFFA-A3ED-40A1-AE7E-C68216DE17AC}.Debug|Any CPU.Build.0 = Debug|Any CPU
		{DDCABFFA-A3ED-40A1-AE7E-C68216DE17AC}.Release|Any CPU.ActiveCfg = Release|Any CPU
		{DDCABFFA-A3ED-40A1-AE7E-C68216DE17AC}.Release|Any CPU.Build.0 = Release|Any CPU
		{C1926286-79B2-4204-867F-3DD68D5ED23A}.Debug|Any CPU.ActiveCfg = Debug|Any CPU
		{C1926286-79B2-4204-867F-3DD68D5ED23A}.Debug|Any CPU.Build.0 = Debug|Any CPU
		{C1926286-79B2-4204-867F-3DD68D5ED23A}.Release|Any CPU.ActiveCfg = Release|Any CPU
		{C1926286-79B2-4204-867F-3DD68D5ED23A}.Release|Any CPU.Build.0 = Release|Any CPU
		{BC73CD5D-5ACA-453C-B5D2-24EF18A28031}.Debug|Any CPU.ActiveCfg = Debug|Any CPU
		{BC73CD5D-5ACA-453C-B5D2-24EF18A28031}.Debug|Any CPU.Build.0 = Debug|Any CPU
		{BC73CD5D-5ACA-453C-B5D2-24EF18A28031}.Release|Any CPU.ActiveCfg = Release|Any CPU
		{BC73CD5D-5ACA-453C-B5D2-24EF18A28031}.Release|Any CPU.Build.0 = Release|Any CPU
		{2576E49E-3964-4039-9517-8BFEEA1C6980}.Debug|Any CPU.ActiveCfg = Debug|Any CPU
		{2576E49E-3964-4039-9517-8BFEEA1C6980}.Debug|Any CPU.Build.0 = Debug|Any CPU
		{2576E49E-3964-4039-9517-8BFEEA1C6980}.Release|Any CPU.ActiveCfg = Release|Any CPU
		{2576E49E-3964-4039-9517-8BFEEA1C6980}.Release|Any CPU.Build.0 = Release|Any CPU
		{C00718CC-E424-440E-8485-A1F5F2DAFC6D}.Debug|Any CPU.ActiveCfg = Debug|Any CPU
		{C00718CC-E424-440E-8485-A1F5F2DAFC6D}.Debug|Any CPU.Build.0 = Debug|Any CPU
		{C00718CC-E424-440E-8485-A1F5F2DAFC6D}.Release|Any CPU.ActiveCfg = Release|Any CPU
		{C00718CC-E424-440E-8485-A1F5F2DAFC6D}.Release|Any CPU.Build.0 = Release|Any CPU
	EndGlobalSection
	GlobalSection(SolutionProperties) = preSolution
		HideSolutionNode = FALSE
	EndGlobalSection
	GlobalSection(NestedProjects) = preSolution
		{3F2323E5-20A0-437A-B54A-E5F8778B76E1} = {EA009B2F-F574-4312-BBA0-912BEF093B95}
		{C12A40A4-BEF0-4D0F-8091-395E4CC3058F} = {87F552C3-F6FC-4201-BC9E-3118CE217898}
		{89C79DBD-BEA2-46EA-B163-1F3E5FB26105} = {EA009B2F-F574-4312-BBA0-912BEF093B95}
		{2E4C6064-2195-41CE-A1B4-92C9139D13D2} = {87F552C3-F6FC-4201-BC9E-3118CE217898}
		{7E000EC7-BCD5-417C-87EA-8DAC90E0B46F} = {87F552C3-F6FC-4201-BC9E-3118CE217898}
		{BA8402C3-FF02-4B90-9E06-413E753C0667} = {87F552C3-F6FC-4201-BC9E-3118CE217898}
		{DDADA3F9-8917-4F80-B5EC-98B03A760F26} = {87F552C3-F6FC-4201-BC9E-3118CE217898}
		{F34E3684-59C3-4E5A-A1B9-4726BCBFA2BD} = {87F552C3-F6FC-4201-BC9E-3118CE217898}
		{976DCA25-1E72-42E7-9F13-998631F8B0E2} = {87F552C3-F6FC-4201-BC9E-3118CE217898}
		{1F28D7F0-29DE-4E0A-A387-6AC3C6F3D3B1} = {EA009B2F-F574-4312-BBA0-912BEF093B95}
		{434DF049-A9B4-4C9A-A64E-A1EA1694522D} = {EA009B2F-F574-4312-BBA0-912BEF093B95}
		{1BC5A4B1-06DE-45CF-8D74-0BB79EA03B4F} = {EA009B2F-F574-4312-BBA0-912BEF093B95}
		{0EF61FA4-0A79-46B8-B3A0-628EE1E80922} = {87F552C3-F6FC-4201-BC9E-3118CE217898}
		{019D7112-CD41-4B02-ABA3-5FDE65A21384} = {87F552C3-F6FC-4201-BC9E-3118CE217898}
		{CBB36442-F8A9-4228-A164-C7C7740FF4EC} = {EA009B2F-F574-4312-BBA0-912BEF093B95}
		{B961AD6C-2F60-438C-AEE6-BEA0DDCEC9ED} = {EA009B2F-F574-4312-BBA0-912BEF093B95}
		{FDE97B22-D5DA-4F8D-B7D2-1D23947E9905} = {EA009B2F-F574-4312-BBA0-912BEF093B95}
		{E36674AA-06C2-429A-A3CC-F411FA87326B} = {EA009B2F-F574-4312-BBA0-912BEF093B95}
		{2E822683-BDA5-4256-8D2A-4355D0DCA93F} = {7A6BD790-26C3-4A7C-8D3A-2412A6A5D58A}
		{C45C4D2A-C906-49BB-ADED-328818DA5FCB} = {EA009B2F-F574-4312-BBA0-912BEF093B95}
		{636CFDF2-4012-44EA-A48F-C44C78C0CD4F} = {EA009B2F-F574-4312-BBA0-912BEF093B95}
		{DAD16295-FB03-46DE-9978-B206E4EA8A48} = {EA009B2F-F574-4312-BBA0-912BEF093B95}
		{788EDDF7-49CC-40BD-ADCC-288532B56A3C} = {EA009B2F-F574-4312-BBA0-912BEF093B95}
		{DDCABFFA-A3ED-40A1-AE7E-C68216DE17AC} = {EA009B2F-F574-4312-BBA0-912BEF093B95}
		{C1926286-79B2-4204-867F-3DD68D5ED23A} = {EA009B2F-F574-4312-BBA0-912BEF093B95}
		{BC73CD5D-5ACA-453C-B5D2-24EF18A28031} = {EA009B2F-F574-4312-BBA0-912BEF093B95}
		{2576E49E-3964-4039-9517-8BFEEA1C6980} = {4BA0119F-A553-43D6-B203-EAF925E858FB}
		{C00718CC-E424-440E-8485-A1F5F2DAFC6D} = {EA009B2F-F574-4312-BBA0-912BEF093B95}
	EndGlobalSection
	GlobalSection(ExtensibilityGlobals) = postSolution
		SolutionGuid = {B0AA9E53-02AD-4000-8ED5-53AFF5D1B32D}
	EndGlobalSection
EndGlobal
